PODS:
  - ReachabilitySwift (5.0.0)
  - Realm (10.46.0):
    - Realm/Headers (= 10.46.0)
  - Realm/Headers (10.46.0)
  - RealmSwift (10.46.0):
    - Realm (= 10.46.0)

DEPENDENCIES:
  - ReachabilitySwift
  - RealmSwift

SPEC REPOS:
  trunk:
    - ReachabilitySwift
    - Realm
    - RealmSwift

SPEC CHECKSUMS:
  ReachabilitySwift: 985039c6f7b23a1da463388634119492ff86c825
  Realm: 699b80d8e5fc66acafd2d530199e77781a2d69d3
  RealmSwift: 3230b8fc63759433a6938a0dd2a5dc0dc2b15760

PODFILE CHECKSUM: 1f79922633bce98dad02f684201bf6e2c48bf3c5

COCOAPODS: 1.12.1
